
Microsoft Visual Studio Solution File, Format Version 12.00
Project("{FAE04EC0-301F-11D3-BF4B-00C04F79EFBC}") = "GrpcDemo", "GrpcDemo\GrpcDemo.csproj", "{5F5EFEF9-CA66-40F1-8073-9E15AE9856A4}"
EndProject
Global
	GlobalSection(SolutionConfigurationPlatforms) = preSolution
		Debug|Any CPU = Debug|Any CPU
		Release|Any CPU = Release|Any CPU
	EndGlobalSection
	GlobalSection(ProjectConfigurationPlatforms) = postSolution
		{5F5EFEF9-CA66-40F1-8073-9E15AE9856A4}.Debug|Any CPU.ActiveCfg = Debug|Any CPU
		{5F5EFEF9-CA66-40F1-8073-9E15AE9856A4}.Debug|Any CPU.Build.0 = Debug|Any CPU
		{5F5EFEF9-CA66-40F1-8073-9E15AE9856A4}.Release|Any CPU.ActiveCfg = Release|Any CPU
		{5F5EFEF9-CA66-40F1-8073-9E15AE9856A4}.Release|Any CPU.Build.0 = Release|Any CPU
	EndGlobalSection
EndGlobal
